github.com/peterhagelund/go-serial v0.3.0 h1:6njdduMg4vXDtRvqqaNHaT/p7CC4aV5L6hOnytOxSPY=
github.com/peterhagelund/go-serial v0.3.0/go.mod h1:U9wiFPkJCkggbbQ6mO8b5LXQimLXbxy51ifZR8j6DxY=
golang.org/x/sys v0.0.0-20200302150141-5c8b2ff67527 h1:uYVVQ9WP/Ds2ROhcaGPeIdVq0RIXVLwsHlnvJ+cT1So=
golang.org/x/sys v0.0.0-20200302150141-5c8b2ff67527/go.mod h1:h1NjWce9XRLGQEsW7wpKNCjG9DtNlClVuFLEZdDNbEs=
