github.com/peterhagelund/go-serial v0.4.0 h1:7e4V0ZrKCdwnf+ZBowmC/8Cxu3un/4aV+Cj5QG7vAxc=
github.com/peterhagelund/go-serial v0.4.0/go.mod h1:WQ8oZb70exHggpRaaFOv9eRIN0e/YJThgkBTK1u+HYo=
golang.org/x/sys v0.0.0-20200408040146-ea54a3c99b9b h1:h03Ur1RlPrGTjua4koYdpGl8W0eYo8p1uI9w7RPlkdk=
golang.org/x/sys v0.0.0-20200408040146-ea54a3c99b9b/go.mod h1:h1NjWce9XRLGQEsW7wpKNCjG9DtNlClVuFLEZdDNbEs=
